
Microsoft Visual Studio Solution File, Format Version 12.00
# Visual Studio Version 16
VisualStudioVersion = 16.0.30804.86
MinimumVisualStudioVersion = 10.0.40219.1
Project("{FAE04EC0-301F-11D3-BF4B-00C04F79EFBC}") = "Networking Chat Client", "Networking Chat Client\Networking Chat Client.csproj", "{25A1A63D-0880-4BD3-AB90-6F1C9B07E8FF}"
EndProject
Global
	GlobalSection(SolutionConfigurationPlatforms) = preSolution
		Debug|Any CPU = Debug|Any CPU
		Release|Any CPU = Release|Any CPU
	EndGlobalSection
	GlobalSection(ProjectConfigurationPlatforms) = postSolution
		{25A1A63D-0880-4BD3-AB90-6F1C9B07E8FF}.Debug|Any CPU.ActiveCfg = Debug|Any CPU
		{25A1A63D-0880-4BD3-AB90-6F1C9B07E8FF}.Debug|Any CPU.Build.0 = Debug|Any CPU
		{25A1A63D-0880-4BD3-AB90-6F1C9B07E8FF}.Release|Any CPU.ActiveCfg = Release|Any CPU
		{25A1A63D-0880-4BD3-AB90-6F1C9B07E8FF}.Release|Any CPU.Build.0 = Release|Any CPU
	EndGlobalSection
	GlobalSection(SolutionProperties) = preSolution
		HideSolutionNode = FALSE
	EndGlobalSection
	GlobalSection(ExtensibilityGlobals) = postSolution
		SolutionGuid = {42A53B74-A83F-4BCA-9F0F-B7E9741E43BF}
	EndGlobalSection
EndGlobal
